// !$*UTF8*$!
{
	archiveVersion = 1;
	classes = {
	};
	objectVersion = 46;
	objects = {

/* Begin PBXBuildFile section */
		4A3825D21EF1A99600970719 /* main.m in Sources */ = {isa = PBXBuildFile; fileRef = 4A3825D11EF1A99600970719 /* main.m */; };
		4A3825D51EF1A99600970719 /* AppDelegate.m in Sources */ = {isa = PBXBuildFile; fileRef = 4A3825D41EF1A99600970719 /* AppDelegate.m */; };
		4A3825D81EF1A99600970719 /* ViewController.m in Sources */ = {isa = PBXBuildFile; fileRef = 4A3825D71EF1A99600970719 /* ViewController.m */; };
		4A3825DB1EF1A99600970719 /* Main.storyboard in Resources */ = {isa = PBXBuildFile; fileRef = 4A3825D91EF1A99600970719 /* Main.storyboard */; };
		4A3825DD1EF1A99600970719 /* Assets.xcassets in Resources */ = {isa = PBXBuildFile; fileRef = 4A3825DC1EF1A99600970719 /* Assets.xcassets */; };
		4A3825E01EF1A99600970719 /* LaunchScreen.storyboard in Resources */ = {isa = PBXBuildFile; fileRef = 4A3825DE1EF1A99600970719 /* LaunchScreen.storyboard */; };
		4A3825E91EF1A9C000970719 /* MyCollectionViewCell.m in Sources */ = {isa = PBXBuildFile; fileRef = 4A3825E81EF1A9C000970719 /* MyCollectionViewCell.m */; };
		4A3825EC1EF1B15100970719 /* Photo.m in Sources */ = {isa = PBXBuildFile; fileRef = 4A3825EB1EF1B15100970719 /* Photo.m */; };
		4A3825EF1EF20E1100970719 /* Header.m in Sources */ = {isa = PBXBuildFile; fileRef = 4A3825EE1EF20E1100970719 /* Header.m */; };
/* End PBXBuildFile section */

/* Begin PBXFileReference section */
		4A3825CD1EF1A99600970719 /* InstaKilo.app */ = {isa = PBXFileReference; explicitFileType = wrapper.application; includeInIndex = 0; path = InstaKilo.app; sourceTree = BUILT_PRODUCTS_DIR; };
		4A3825D11EF1A99600970719 /* main.m */ = {isa = PBXFileReference; lastKnownFileType = sourcecode.c.objc; path = main.m; sourceTree = "<group>"; };
		4A3825D31EF1A99600970719 /* AppDelegate.h */ = {isa = PBXFileReference; lastKnownFileType = sourcecode.c.h; path = AppDelegate.h; sourceTree = "<group>"; };
		4A3825D41EF1A99600970719 /* AppDelegate.m */ = {isa = PBXFileReference; lastKnownFileType = sourcecode.c.objc; path = AppDelegate.m; sourceTree = "<group>"; };
		4A3825D61EF1A99600970719 /* ViewController.h */ = {isa = PBXFileReference; lastKnownFileType = sourcecode.c.h; path = ViewController.h; sourceTree = "<group>"; };
		4A3825D71EF1A99600970719 /* ViewController.m */ = {isa = PBXFileReference; lastKnownFileType = sourcecode.c.objc; path = ViewController.m; sourceTree = "<group>"; };
		4A3825DA1EF1A99600970719 /* Base */ = {isa = PBXFileReference; lastKnownFileType = file.storyboard; name = Base; path = Base.lproj/Main.storyboard; sourceTree = "<group>"; };
		4A3825DC1EF1A99600970719 /* Assets.xcassets */ = {isa = PBXFileReference; lastKnownFileType = folder.assetcatalog; path = Assets.xcassets; sourceTree = "<group>"; };
		4A3825DF1EF1A99600970719 /* Base */ = {isa = PBXFileReference; lastKnownFileType = file.storyboard; name = Base; path = Base.lproj/LaunchScreen.storyboard; sourceTree = "<group>"; };
		4A3825E11EF1A99600970719 /* Info.plist */ = {isa = PBXFileReference; lastKnownFileType = text.plist.xml; path = Info.plist; sourceTree = "<group>"; };
		4A3825E71EF1A9C000970719 /* MyCollectionViewCell.h */ = {isa = PBXFileReference; fileEncoding = 4; lastKnownFileType = sourcecode.c.h; path = MyCollectionViewCell.h; sourceTree = "<group>"; };
		4A3825E81EF1A9C000970719 /* MyCollectionViewCell.m */ = {isa = PBXFileReference; fileEncoding = 4; lastKnownFileType = sourcecode.c.objc; path = MyCollectionViewCell.m; sourceTree = "<group>"; };
		4A3825EA1EF1B15100970719 /* Photo.h */ = {isa = PBXFileReference; fileEncoding = 4; lastKnownFileType = sourcecode.c.h; path = Photo.h; sourceTree = "<group>"; };
		4A3825EB1EF1B15100970719 /* Photo.m */ = {isa = PBXFileReference; fileEncoding = 4; lastKnownFileType = sourcecode.c.objc; path = Photo.m; sourceTree = "<group>"; };
		4A3825ED1EF20E1100970719 /* Header.h */ = {isa = PBXFileReference; fileEncoding = 4; lastKnownFileType = sourcecode.c.h; path = Header.h; sourceTree = "<group>"; };
		4A3825EE1EF20E1100970719 /* Header.m */ = {isa = PBXFileReference; fileEncoding = 4; lastKnownFileType = sourcecode.c.objc; path = Header.m; sourceTree = "<group>"; };
/* End PBXFileReference section */

/* Begin PBXFrameworksBuildPhase section */
		4A3825CA1EF1A99600970719 /* Frameworks */ = {
			isa = PBXFrameworksBuildPhase;
			buildActionMask = 2147483647;
			files = (
			);
			runOnlyForDeploymentPostprocessing = 0;
		};
/* End PBXFrameworksBuildPhase section */

/* Begin PBXGroup section */
		4A3825C41EF1A99600970719 = {
			isa = PBXGroup;
			children = (
				4A3825CF1EF1A99600970719 /* InstaKilo */,
				4A3825CE1EF1A99600970719 /* Products */,
			);
			sourceTree = "<group>";
		};
		4A3825CE1EF1A99600970719 /* Products */ = {
			isa = PBXGroup;
			children = (
				4A3825CD1EF1A99600970719 /* InstaKilo.app */,
			);
			name = Products;
			sourceTree = "<group>";
		};
		4A3825CF1EF1A99600970719 /* InstaKilo */ = {
			isa = PBXGroup;
			children = (
				4A3825D31EF1A99600970719 /* AppDelegate.h */,
				4A3825D41EF1A99600970719 /* AppDelegate.m */,
				4A3825D61EF1A99600970719 /* ViewController.h */,
				4A3825D71EF1A99600970719 /* ViewController.m */,
				4A3825E71EF1A9C000970719 /* MyCollectionViewCell.h */,
				4A3825E81EF1A9C000970719 /* MyCollectionViewCell.m */,
				4A3825EA1EF1B15100970719 /* Photo.h */,
				4A3825EB1EF1B15100970719 /* Photo.m */,
				4A3825ED1EF20E1100970719 /* Header.h */,
				4A3825EE1EF20E1100970719 /* Header.m */,
				4A3825D91EF1A99600970719 /* Main.storyboard */,
				4A3825DC1EF1A99600970719 /* Assets.xcassets */,
				4A3825DE1EF1A99600970719 /* LaunchScreen.storyboard */,
				4A3825E11EF1A99600970719 /* Info.plist */,
				4A3825D01EF1A99600970719 /* Supporting Files */,
			);
			path = InstaKilo;
			sourceTree = "<group>";
		};
		4A3825D01EF1A99600970719 /* Supporting Files */ = {
			isa = PBXGroup;
			children = (
				4A3825D11EF1A99600970719 /* main.m */,
			);
			name = "Supporting Files";
			sourceTree = "<group>";
		};
/* End PBXGroup section */

/* Begin PBXNativeTarget section */
		4A3825CC1EF1A99600970719 /* InstaKilo */ = {
			isa = PBXNativeTarget;
			buildConfigurationList = 4A3825E41EF1A99600970719 /* Build configuration list for PBXNativeTarget "InstaKilo" */;
			buildPhases = (
				4A3825C91EF1A99600970719 /* Sources */,
				4A3825CA1EF1A99600970719 /* Frameworks */,
				4A3825CB1EF1A99600970719 /* Resources */,
			);
			buildRules = (
			);
			dependencies = (
			);
			name = InstaKilo;
			productName = InstaKilo;
			productReference = 4A3825CD1EF1A99600970719 /* InstaKilo.app */;
			productType = "com.apple.product-type.application";
		};
/* End PBXNativeTarget section */

/* Begin PBXProject section */
		4A3825C51EF1A99600970719 /* Project object */ = {
			isa = PBXProject;
			attributes = {
				LastUpgradeCheck = 0830;
				ORGANIZATIONNAME = Harry;
				TargetAttributes = {
					4A3825CC1EF1A99600970719 = {
						CreatedOnToolsVersion = 8.3.3;
						DevelopmentTeam = HCCWVL286N;
						ProvisioningStyle = Automatic;
					};
				};
			};
			buildConfigurationList = 4A3825C81EF1A99600970719 /* Build configuration list for PBXProject "InstaKilo" */;
			compatibilityVersion = "Xcode 3.2";
			developmentRegion = English;
			hasScannedForEncodings = 0;
			knownRegions = (
				en,
				Base,
			);
			mainGroup = 4A3825C41EF1A99600970719;
			productRefGroup = 4A3825CE1EF1A99600970719 /* Products */;
			projectDirPath = "";
			projectRoot = "";
			targets = (
				4A3825CC1EF1A99600970719 /* InstaKilo */,
			);
		};
/* End PBXProject section */

/* Begin PBXResourcesBuildPhase section */
		4A3825CB1EF1A99600970719 /* Resources */ = {
			isa = PBXResourcesBuildPhase;
			buildActionMask = 2147483647;
			files = (
				4A3825E01EF1A99600970719 /* LaunchScreen.storyboard in Resources */,
				4A3825DD1EF1A99600970719 /* Assets.xcassets in Resources */,
				4A3825DB1EF1A99600970719 /* Main.storyboard in Resources */,
			);
			runOnlyForDeploymentPostprocessing = 0;
		};
/* End PBXResourcesBuildPhase section */

/* Begin PBXSourcesBuildPhase section */
		4A3825C91EF1A99600970719 /* Sources */ = {
			isa = PBXSourcesBuildPhase;
			buildActionMask = 2147483647;
			files = (
				4A3825D81EF1A99600970719 /* ViewController.m in Sources */,
				4A3825D51EF1A99600970719 /* AppDelegate.m in Sources */,
				4A3825E91EF1A9C000970719 /* MyCollectionViewCell.m in Sources */,
				4A3825EC1EF1B15100970719 /* Photo.m in Sources */,
				4A3825EF1EF20E1100970719 /* Header.m in Sources */,
				4A3825D21EF1A99600970719 /* main.m in Sources */,
			);
			runOnlyForDeploymentPostprocessing = 0;
		};
/* End PBXSourcesBuildPhase section */

/* Begin PBXVariantGroup section */
		4A3825D91EF1A99600970719 /* Main.storyboard */ = {
			isa = PBXVariantGroup;
			children = (
				4A3825DA1EF1A99600970719 /* Base */,
			);
			name = Main.storyboard;
			sourceTree = "<group>";
		};
		4A3825DE1EF1A99600970719 /* LaunchScreen.storyboard */ = {
			isa = PBXVariantGroup;
			children = (
				4A3825DF1EF1A99600970719 /* Base */,
			);
			name = LaunchScreen.storyboard;
			sourceTree = "<group>";
		};
/* End PBXVariantGroup section */

/* Begin XCBuildConfiguration section */
		4A3825E21EF1A99600970719 /* Debug */ = {
			isa = XCBuildConfiguration;
			buildSettings = {
				ALWAYS_SEARCH_USER_PATHS = NO;
				CLANG_ANALYZER_NONNULL = YES;
				CLANG_ANALYZER_NUMBER_OBJECT_CONVERSION = YES_AGGRESSIVE;
				CLANG_CXX_LANGUAGE_STANDARD = "gnu++0x";
				CLANG_CXX_LIBRARY = "libc++";
				CLANG_ENABLE_MODULES = YES;
				CLANG_ENABLE_OBJC_ARC = YES;
				CLANG_WARN_BOOL_CONVERSION = YES;
				CLANG_WARN_CONSTANT_CONVERSION = YES;
				CLANG_WARN_DIRECT_OBJC_ISA_USAGE = YES_ERROR;
				CLANG_WARN_DOCUMENTATION_COMMENTS = YES;
				CLANG_WARN_EMPTY_BODY = YES;
				CLANG_WARN_ENUM_CONVERSION = YES;
				CLANG_WARN_INFINITE_RECURSION = YES;
				CLANG_WARN_INT_CONVERSION = YES;
				CLANG_WARN_OBJC_ROOT_CLASS = YES_ERROR;
				CLANG_WARN_SUSPICIOUS_MOVE = YES;
				CLANG_WARN_UNREACHABLE_CODE = YES;
				CLANG_WARN__DUPLICATE_METHOD_MATCH = YES;
				"CODE_SIGN_IDENTITY[sdk=iphoneos*]" = "iPhone Developer";
				COPY_PHASE_STRIP = NO;
				DEBUG_INFORMATION_FORMAT = dwarf;
				ENABLE_STRICT_OBJC_MSGSEND = YES;
				ENABLE_TESTABILITY = YES;
				GCC_C_LANGUAGE_STANDARD = gnu99;
				GCC_DYNAMIC_NO_PIC = NO;
				GCC_NO_COMMON_BLOCKS = YES;
				GCC_OPTIMIZATION_LEVEL = 0;
				GCC_PREPROCESSOR_DEFINITIONS = (
					"DEBUG=1",
					"$(inherited)",
				);
				GCC_WARN_64_TO_32_BIT_CONVERSION = YES;
				GCC_WARN_ABOUT_RETURN_TYPE = YES_ERROR;
				GCC_WARN_UNDECLARED_SELECTOR = YES;
				GCC_WARN_UNINITIALIZED_AUTOS = YES_AGGRESSIVE;
				GCC_WARN_UNUSED_FUNCTION = YES;
				GCC_WARN_UNUSED_VARIABLE = YES;
				IPHONEOS_DEPLOYMENT_TARGET = 10.3;
				MTL_ENABLE_DEBUG_INFO = YES;
				ONLY_ACTIVE_ARCH = YES;
				SDKROOT = iphoneos;
				TARGETED_DEVICE_FAMILY = "1,2";
			};
			name = Debug;
		};
		4A3825E31EF1A99600970719 /* Release */ = {
			isa = XCBuildConfiguration;
			buildSettings = {
				ALWAYS_SEARCH_USER_PATHS = NO;
				CLANG_ANALYZER_NONNULL = YES;
				CLANG_ANALYZER_NUMBER_OBJECT_CONVERSION = YES_AGGRESSIVE;
				CLANG_CXX_LANGUAGE_STANDARD = "gnu++0x";
				CLANG_CXX_LIBRARY = "libc++";
				CLANG_ENABLE_MODULES = YES;
				CLANG_ENABLE_OBJC_ARC = YES;
				CLANG_WARN_BOOL_CONVERSION = YES;
				CLANG_WARN_CONSTANT_CONVERSION = YES;
				CLANG_WARN_DIRECT_OBJC_ISA_USAGE = YES_ERROR;
				CLANG_WARN_DOCUMENTATION_COMMENTS = YES;
				CLANG_WARN_EMPTY_BODY = YES;
				CLANG_WARN_ENUM_CONVERSION = YES;
				CLANG_WARN_INFINITE_RECURSION = YES;
				CLANG_WARN_INT_CONVERSION = YES;
				CLANG_WARN_OBJC_ROOT_CLASS = YES_ERROR;
				CLANG_WARN_SUSPICIOUS_MOVE = YES;
				CLANG_WARN_UNREACHABLE_CODE = YES;
				CLANG_WARN__DUPLICATE_METHOD_MATCH = YES;
				"CODE_SIGN_IDENTITY[sdk=iphoneos*]" = "iPhone Developer";
				COPY_PHASE_STRIP = NO;
				DEBUG_INFORMATION_FORMAT = "dwarf-with-dsym";
				ENABLE_NS_ASSERTIONS = NO;
				ENABLE_STRICT_OBJC_MSGSEND = YES;
				GCC_C_LANGUAGE_STANDARD = gnu99;
				GCC_NO_COMMON_BLOCKS = YES;
				GCC_WARN_64_TO_32_BIT_CONVERSION = YES;
				GCC_WARN_ABOUT_RETURN_TYPE = YES_ERROR;
				GCC_WARN_UNDECLARED_SELECTOR = YES;
				GCC_WARN_UNINITIALIZED_AUTOS = YES_AGGRESSIVE;
				GCC_WARN_UNUSED_FUNCTION = YES;
				GCC_WARN_UNUSED_VARIABLE = YES;
				IPHONEOS_DEPLOYMENT_TARGET = 10.3;
				MTL_ENABLE_DEBUG_INFO = NO;
				SDKROOT = iphoneos;
				TARGETED_DEVICE_FAMILY = "1,2";
				VALIDATE_PRODUCT = YES;
			};
			name = Release;
		};
		4A3825E51EF1A99600970719 /* Debug */ = {
			isa = XCBuildConfiguration;
			buildSettings = {
				ASSETCATALOG_COMPILER_APPICON_NAME = AppIcon;
				DEVELOPMENT_TEAM = HCCWVL286N;
				INFOPLIST_FILE = InstaKilo/Info.plist;
				LD_RUNPATH_SEARCH_PATHS = "$(inherited) @executable_path/Frameworks";
				PRODUCT_BUNDLE_IDENTIFIER = com.harry.InstaKilo;
				PRODUCT_NAME = "$(TARGET_NAME)";
			};
			name = Debug;
		};
		4A3825E61EF1A99600970719 /* Release */ = {
			isa = XCBuildConfiguration;
			buildSettings = {
				ASSETCATALOG_COMPILER_APPICON_NAME = AppIcon;
				DEVELOPMENT_TEAM = HCCWVL286N;
				INFOPLIST_FILE = InstaKilo/Info.plist;
				LD_RUNPATH_SEARCH_PATHS = "$(inherited) @executable_path/Frameworks";
				PRODUCT_BUNDLE_IDENTIFIER = com.harry.InstaKilo;
				PRODUCT_NAME = "$(TARGET_NAME)";
			};
			name = Release;
		};
/* End XCBuildConfiguration section */

/* Begin XCConfigurationList section */
		4A3825C81EF1A99600970719 /* Build configuration list for PBXProject "InstaKilo" */ = {
			isa = XCConfigurationList;
			buildConfigurations = (
				4A3825E21EF1A99600970719 /* Debug */,
				4A3825E31EF1A99600970719 /* Release */,
			);
			defaultConfigurationIsVisible = 0;
			defaultConfigurationName = Release;
		};
		4A3825E41EF1A99600970719 /* Build configuration list for PBXNativeTarget "InstaKilo" */ = {
			isa = XCConfigurationList;
			buildConfigurations = (
				4A3825E51EF1A99600970719 /* Debug */,
				4A3825E61EF1A99600970719 /* Release */,
			);
			defaultConfigurationIsVisible = 0;
			defaultConfigurationName = Release;
		};
/* End XCConfigurationList section */
	};
	rootObject = 4A3825C51EF1A99600970719 /* Project object */;
}
